// !$*UTF8*$!
{
	archiveVersion = 1;
	classes = {
	};
	objectVersion = 51;
	objects = {

/* Begin PBXBuildFile section */
		2E18D799D83418C54290385C /* libPods-Runner.a in Frameworks */ = {isa = PBXBuildFile; fileRef = 76A41FA07E5B7ECDE134518E /* libPods-Runner.a */; };
		3B3967161E833CAA004F5970 /* AppFrameworkInfo.plist in Resources */ = {isa = PBXBuildFile; fileRef = 3B3967151E833CAA004F5970 /* AppFrameworkInfo.plist */; };
		978B8F6F1D3862AE00F588F7 /* AppDelegate.m in Sources */ = {isa = PBXBuildFile; fileRef = 7AFFD8EE1D35381100E5BB4D /* AppDelegate.m */; };
		97C146F31CF9000F007C117D /* main.m in Sources */ = {isa = PBXBuildFile; fileRef = 97C146F21CF9000F007C117D /* main.m */; };
		97C146FC1CF9000F007C117D /* Main.storyboard in Resources */ = {isa = PBXBuildFile; fileRef = 97C146FA1CF9000F007C117D /* Main.storyboard */; };
		97C146FE1CF9000F007C117D /* Assets.xcassets in Resources */ = {isa = PBXBuildFile; fileRef = 97C146FD1CF9000F007C117D /* Assets.xcassets */; };
		97C147011CF9000F007C117D /* LaunchScreen.storyboard in Resources */ = {isa = PBXBuildFile; fileRef = 97C146FF1CF9000F007C117D /* LaunchScreen.storyboard */; };
		F85EB87E2594D1F300DD5D62 /* GeneratedPluginRegistrant.m in Sources */ = {isa = PBXBuildFile; fileRef = F85EB87C2594D1F300DD5D62 /* GeneratedPluginRegistrant.m */; };
		F85EB8F02594D7CD00DD5D62 /* pipe.cpp in Sources */ = {isa = PBXBuildFile; fileRef = F85EB8D72594D7CD00DD5D62 /* pipe.cpp */; };
		F85EB8F12594D7CD00DD5D62 /* genmoves.cpp in Sources */ = {isa = PBXBuildFile; fileRef = F85EB8DA2594D7CD00DD5D62 /* genmoves.cpp */; };
		F85EB8F22594D7CD00DD5D62 /* preeval.cpp in Sources */ = {isa = PBXBuildFile; fileRef = F85EB8DD2594D7CD00DD5D62 /* preeval.cpp */; };
		F85EB8F32594D7CD00DD5D62 /* pregen.cpp in Sources */ = {isa = PBXBuildFile; fileRef = F85EB8DF2594D7CD00DD5D62 /* pregen.cpp */; };
		F85EB8F42594D7CD00DD5D62 /* evaluate.cpp in Sources */ = {isa = PBXBuildFile; fileRef = F85EB8E02594D7CD00DD5D62 /* evaluate.cpp */; };
		F85EB8F52594D7CD00DD5D62 /* ucci.cpp in Sources */ = {isa = PBXBuildFile; fileRef = F85EB8E12594D7CD00DD5D62 /* ucci.cpp */; };
		F85EB8F62594D7CD00DD5D62 /* search.cpp in Sources */ = {isa = PBXBuildFile; fileRef = F85EB8E22594D7CD00DD5D62 /* search.cpp */; };
		F85EB8F72594D7CD00DD5D62 /* eleeye.cpp in Sources */ = {isa = PBXBuildFile; fileRef = F85EB8E32594D7CD00DD5D62 /* eleeye.cpp */; };
		F85EB8F82594D7CD00DD5D62 /* movesort.cpp in Sources */ = {isa = PBXBuildFile; fileRef = F85EB8E62594D7CD00DD5D62 /* movesort.cpp */; };
		F85EB8F92594D7CD00DD5D62 /* book.cpp in Sources */ = {isa = PBXBuildFile; fileRef = F85EB8E72594D7CD00DD5D62 /* book.cpp */; };
		F85EB8FA2594D7CD00DD5D62 /* hash.cpp in Sources */ = {isa = PBXBuildFile; fileRef = F85EB8E82594D7CD00DD5D62 /* hash.cpp */; };
		F85EB8FB2594D7CD00DD5D62 /* position.cpp in Sources */ = {isa = PBXBuildFile; fileRef = F85EB8ED2594D7CD00DD5D62 /* position.cpp */; };
		F85EB8FF2594DABD00DD5D62 /* command-queue.cpp in Sources */ = {isa = PBXBuildFile; fileRef = F85EB8FD2594DABD00DD5D62 /* command-queue.cpp */; };
		F85EB9022594DBA300DD5D62 /* command-channel.cpp in Sources */ = {isa = PBXBuildFile; fileRef = F85EB9012594DBA300DD5D62 /* command-channel.cpp */; };
		F85EB9052594DE2C00DD5D62 /* CChessEngine.mm in Sources */ = {isa = PBXBuildFile; fileRef = F85EB9042594DE2C00DD5D62 /* CChessEngine.mm */; };
/* End PBXBuildFile section */

/* Begin PBXCopyFilesBuildPhase section */
		9705A1C41CF9048500538489 /* Embed Frameworks */ = {
			isa = PBXCopyFilesBuildPhase;
			buildActionMask = 2147483647;
			dstPath = "";
			dstSubfolderSpec = 10;
			files = (
			);
			name = "Embed Frameworks";
			runOnlyForDeploymentPostprocessing = 0;
		};
/* End PBXCopyFilesBuildPhase section */

/* Begin PBXFileReference section */
		26FD391861A47D8ED486C0AC /* Pods-Runner.release.xcconfig */ = {isa = PBXFileReference; includeInIndex = 1; lastKnownFileType = text.xcconfig; name = "Pods-Runner.release.xcconfig"; path = "Target Support Files/Pods-Runner/Pods-Runner.release.xcconfig"; sourceTree = "<group>"; };
		29A786D7342A3B5ED4830517 /* Pods-Runner.debug.xcconfig */ = {isa = PBXFileReference; includeInIndex = 1; lastKnownFileType = text.xcconfig; name = "Pods-Runner.debug.xcconfig"; path = "Target Support Files/Pods-Runner/Pods-Runner.debug.xcconfig"; sourceTree = "<group>"; };
		3B3967151E833CAA004F5970 /* AppFrameworkInfo.plist */ = {isa = PBXFileReference; fileEncoding = 4; lastKnownFileType = text.plist.xml; name = AppFrameworkInfo.plist; path = Flutter/AppFrameworkInfo.plist; sourceTree = "<group>"; };
		76A41FA07E5B7ECDE134518E /* libPods-Runner.a */ = {isa = PBXFileReference; explicitFileType = archive.ar; includeInIndex = 0; path = "libPods-Runner.a"; sourceTree = BUILT_PRODUCTS_DIR; };
		7AFA3C8E1D35360C0083082E /* Release.xcconfig */ = {isa = PBXFileReference; lastKnownFileType = text.xcconfig; name = Release.xcconfig; path = Flutter/Release.xcconfig; sourceTree = "<group>"; };
		7AFFD8ED1D35381100E5BB4D /* AppDelegate.h */ = {isa = PBXFileReference; fileEncoding = 4; lastKnownFileType = sourcecode.c.h; path = AppDelegate.h; sourceTree = "<group>"; };
		7AFFD8EE1D35381100E5BB4D /* AppDelegate.m */ = {isa = PBXFileReference; fileEncoding = 4; lastKnownFileType = sourcecode.c.objc; path = AppDelegate.m; sourceTree = "<group>"; };
		9740EEB21CF90195004384FC /* Debug.xcconfig */ = {isa = PBXFileReference; fileEncoding = 4; lastKnownFileType = text.xcconfig; name = Debug.xcconfig; path = Flutter/Debug.xcconfig; sourceTree = "<group>"; };
		9740EEB31CF90195004384FC /* Generated.xcconfig */ = {isa = PBXFileReference; fileEncoding = 4; lastKnownFileType = text.xcconfig; name = Generated.xcconfig; path = Flutter/Generated.xcconfig; sourceTree = "<group>"; };
		97C146EE1CF9000F007C117D /* Runner.app */ = {isa = PBXFileReference; explicitFileType = wrapper.application; includeInIndex = 0; path = Runner.app; sourceTree = BUILT_PRODUCTS_DIR; };
		97C146F21CF9000F007C117D /* main.m */ = {isa = PBXFileReference; lastKnownFileType = sourcecode.c.objc; path = main.m; sourceTree = "<group>"; };
		97C146FB1CF9000F007C117D /* Base */ = {isa = PBXFileReference; lastKnownFileType = file.storyboard; name = Base; path = Base.lproj/Main.storyboard; sourceTree = "<group>"; };
		97C146FD1CF9000F007C117D /* Assets.xcassets */ = {isa = PBXFileReference; lastKnownFileType = folder.assetcatalog; path = Assets.xcassets; sourceTree = "<group>"; };
		97C147001CF9000F007C117D /* Base */ = {isa = PBXFileReference; lastKnownFileType = file.storyboard; name = Base; path = Base.lproj/LaunchScreen.storyboard; sourceTree = "<group>"; };
		97C147021CF9000F007C117D /* Info.plist */ = {isa = PBXFileReference; lastKnownFileType = text.plist.xml; path = Info.plist; sourceTree = "<group>"; };
		BA06272940187B062940FC2E /* Pods-Runner.profile.xcconfig */ = {isa = PBXFileReference; includeInIndex = 1; lastKnownFileType = text.xcconfig; name = "Pods-Runner.profile.xcconfig"; path = "Target Support Files/Pods-Runner/Pods-Runner.profile.xcconfig"; sourceTree = "<group>"; };
		F85EB87C2594D1F300DD5D62 /* GeneratedPluginRegistrant.m */ = {isa = PBXFileReference; fileEncoding = 4; lastKnownFileType = sourcecode.c.objc; path = GeneratedPluginRegistrant.m; sourceTree = "<group>"; };
		F85EB87D2594D1F300DD5D62 /* GeneratedPluginRegistrant.h */ = {isa = PBXFileReference; fileEncoding = 4; lastKnownFileType = sourcecode.c.h; path = GeneratedPluginRegistrant.h; sourceTree = "<group>"; };
		F85EB8D62594D7CD00DD5D62 /* book.h */ = {isa = PBXFileReference; fileEncoding = 4; lastKnownFileType = sourcecode.c.h; path = book.h; sourceTree = "<group>"; };
		F85EB8D72594D7CD00DD5D62 /* pipe.cpp */ = {isa = PBXFileReference; fileEncoding = 4; lastKnownFileType = sourcecode.cpp.cpp; path = pipe.cpp; sourceTree = "<group>"; };
		F85EB8D82594D7CD00DD5D62 /* ucci.h */ = {isa = PBXFileReference; fileEncoding = 4; lastKnownFileType = sourcecode.c.h; path = ucci.h; sourceTree = "<group>"; };
		F85EB8D92594D7CD00DD5D62 /* preeval.h */ = {isa = PBXFileReference; fileEncoding = 4; lastKnownFileType = sourcecode.c.h; path = preeval.h; sourceTree = "<group>"; };
		F85EB8DA2594D7CD00DD5D62 /* genmoves.cpp */ = {isa = PBXFileReference; fileEncoding = 4; lastKnownFileType = sourcecode.cpp.cpp; path = genmoves.cpp; sourceTree = "<group>"; };
		F85EB8DB2594D7CD00DD5D62 /* x86asm.h */ = {isa = PBXFileReference; fileEncoding = 4; lastKnownFileType = sourcecode.c.h; path = x86asm.h; sourceTree = "<group>"; };
		F85EB8DC2594D7CD00DD5D62 /* parse.h */ = {isa = PBXFileReference; fileEncoding = 4; lastKnownFileType = sourcecode.c.h; path = parse.h; sourceTree = "<group>"; };
		F85EB8DD2594D7CD00DD5D62 /* preeval.cpp */ = {isa = PBXFileReference; fileEncoding = 4; lastKnownFileType = sourcecode.cpp.cpp; path = preeval.cpp; sourceTree = "<group>"; };
		F85EB8DE2594D7CD00DD5D62 /* pregen.h */ = {isa = PBXFileReference; fileEncoding = 4; lastKnownFileType = sourcecode.c.h; path = pregen.h; sourceTree = "<group>"; };
		F85EB8DF2594D7CD00DD5D62 /* pregen.cpp */ = {isa = PBXFileReference; fileEncoding = 4; lastKnownFileType = sourcecode.cpp.cpp; path = pregen.cpp; sourceTree = "<group>"; };
		F85EB8E02594D7CD00DD5D62 /* evaluate.cpp */ = {isa = PBXFileReference; fileEncoding = 4; lastKnownFileType = sourcecode.cpp.cpp; path = evaluate.cpp; sourceTree = "<group>"; };
		F85EB8E12594D7CD00DD5D62 /* ucci.cpp */ = {isa = PBXFileReference; fileEncoding = 4; lastKnownFileType = sourcecode.cpp.cpp; path = ucci.cpp; sourceTree = "<group>"; };
		F85EB8E22594D7CD00DD5D62 /* search.cpp */ = {isa = PBXFileReference; fileEncoding = 4; lastKnownFileType = sourcecode.cpp.cpp; path = search.cpp; sourceTree = "<group>"; };
		F85EB8E32594D7CD00DD5D62 /* eleeye.cpp */ = {isa = PBXFileReference; fileEncoding = 4; lastKnownFileType = sourcecode.cpp.cpp; path = eleeye.cpp; sourceTree = "<group>"; };
		F85EB8E42594D7CD00DD5D62 /* movesort.h */ = {isa = PBXFileReference; fileEncoding = 4; lastKnownFileType = sourcecode.c.h; path = movesort.h; sourceTree = "<group>"; };
		F85EB8E52594D7CD00DD5D62 /* pipe.h */ = {isa = PBXFileReference; fileEncoding = 4; lastKnownFileType = sourcecode.c.h; path = pipe.h; sourceTree = "<group>"; };
		F85EB8E62594D7CD00DD5D62 /* movesort.cpp */ = {isa = PBXFileReference; fileEncoding = 4; lastKnownFileType = sourcecode.cpp.cpp; path = movesort.cpp; sourceTree = "<group>"; };
		F85EB8E72594D7CD00DD5D62 /* book.cpp */ = {isa = PBXFileReference; fileEncoding = 4; lastKnownFileType = sourcecode.cpp.cpp; path = book.cpp; sourceTree = "<group>"; };
		F85EB8E82594D7CD00DD5D62 /* hash.cpp */ = {isa = PBXFileReference; fileEncoding = 4; lastKnownFileType = sourcecode.cpp.cpp; path = hash.cpp; sourceTree = "<group>"; };
		F85EB8E92594D7CD00DD5D62 /* rc4prng.h */ = {isa = PBXFileReference; fileEncoding = 4; lastKnownFileType = sourcecode.c.h; path = rc4prng.h; sourceTree = "<group>"; };
		F85EB8EA2594D7CD00DD5D62 /* search.h */ = {isa = PBXFileReference; fileEncoding = 4; lastKnownFileType = sourcecode.c.h; path = search.h; sourceTree = "<group>"; };
		F85EB8EB2594D7CD00DD5D62 /* hash.h */ = {isa = PBXFileReference; fileEncoding = 4; lastKnownFileType = sourcecode.c.h; path = hash.h; sourceTree = "<group>"; };
		F85EB8EC2594D7CD00DD5D62 /* position.h */ = {isa = PBXFileReference; fileEncoding = 4; lastKnownFileType = sourcecode.c.h; path = position.h; sourceTree = "<group>"; };
		F85EB8ED2594D7CD00DD5D62 /* position.cpp */ = {isa = PBXFileReference; fileEncoding = 4; lastKnownFileType = sourcecode.cpp.cpp; path = position.cpp; sourceTree = "<group>"; };
		F85EB8EE2594D7CD00DD5D62 /* base2.h */ = {isa = PBXFileReference; fileEncoding = 4; lastKnownFileType = sourcecode.c.h; path = base2.h; sourceTree = "<group>"; };
		F85EB8EF2594D7CD00DD5D62 /* base.h */ = {isa = PBXFileReference; fileEncoding = 4; lastKnownFileType = sourcecode.c.h; path = base.h; sourceTree = "<group>"; };
		F85EB8FC2594DA5F00DD5D62 /* engine-state.h */ = {isa = PBXFileReference; lastKnownFileType = sourcecode.c.h; name = "engine-state.h"; path = "../../../eleeye/engine-state.h"; sourceTree = "<group>"; };
		F85EB8FD2594DABD00DD5D62 /* command-queue.cpp */ = {isa = PBXFileReference; lastKnownFileType = sourcecode.cpp.cpp; path = "command-queue.cpp"; sourceTree = "<group>"; };
		F85EB8FE2594DABD00DD5D62 /* command-queue.h */ = {isa = PBXFileReference; explicitFileType = sourcecode.c.h; path = "command-queue.h"; sourceTree = "<group>"; };
		F85EB9002594DB7A00DD5D62 /* command-channel.h */ = {isa = PBXFileReference; lastKnownFileType = sourcecode.c.h; name = "command-channel.h"; path = "../../../eleeye/command-channel.h"; sourceTree = "<group>"; };
		F85EB9012594DBA300DD5D62 /* command-channel.cpp */ = {isa = PBXFileReference; lastKnownFileType = sourcecode.cpp.cpp; path = "command-channel.cpp"; sourceTree = "<group>"; };
		F85EB9032594DC6700DD5D62 /* eleeye.h */ = {isa = PBXFileReference; lastKnownFileType = sourcecode.c.h; name = eleeye.h; path = ../../../eleeye/eleeye.h; sourceTree = "<group>"; };
		F85EB9042594DE2C00DD5D62 /* CChessEngine.mm */ = {isa = PBXFileReference; lastKnownFileType = sourcecode.cpp.objcpp; path = CChessEngine.mm; sourceTree = "<group>"; };
		F85EB9062594DE3D00DD5D62 /* CChessEngine.h */ = {isa = PBXFileReference; lastKnownFileType = sourcecode.c.h; path = CChessEngine.h; sourceTree = "<group>"; };
/* End PBXFileReference section */

/* Begin PBXFrameworksBuildPhase section */
		97C146EB1CF9000F007C117D /* Frameworks */ = {
			isa = PBXFrameworksBuildPhase;
			buildActionMask = 2147483647;
			files = (
				2E18D799D83418C54290385C /* libPods-Runner.a in Frameworks */,
			);
			runOnlyForDeploymentPostprocessing = 0;
		};
/* End PBXFrameworksBuildPhase section */

/* Begin PBXGroup section */
		0CC5D2F7A8005C8F3C199E85 /* Frameworks */ = {
			isa = PBXGroup;
			children = (
				76A41FA07E5B7ECDE134518E /* libPods-Runner.a */,
			);
			name = Frameworks;
			sourceTree = "<group>";
		};
		6C3B0FF0E83B6A2DCDB896CE /* Pods */ = {
			isa = PBXGroup;
			children = (
				29A786D7342A3B5ED4830517 /* Pods-Runner.debug.xcconfig */,
				26FD391861A47D8ED486C0AC /* Pods-Runner.release.xcconfig */,
				BA06272940187B062940FC2E /* Pods-Runner.profile.xcconfig */,
			);
			path = Pods;
			sourceTree = "<group>";
		};
		9740EEB11CF90186004384FC /* Flutter */ = {
			isa = PBXGroup;
			children = (
				3B3967151E833CAA004F5970 /* AppFrameworkInfo.plist */,
				9740EEB21CF90195004384FC /* Debug.xcconfig */,
				7AFA3C8E1D35360C0083082E /* Release.xcconfig */,
				9740EEB31CF90195004384FC /* Generated.xcconfig */,
			);
			name = Flutter;
			sourceTree = "<group>";
		};
		97C146E51CF9000F007C117D = {
			isa = PBXGroup;
			children = (
				9740EEB11CF90186004384FC /* Flutter */,
				97C146F01CF9000F007C117D /* Runner */,
				97C146EF1CF9000F007C117D /* Products */,
				6C3B0FF0E83B6A2DCDB896CE /* Pods */,
				0CC5D2F7A8005C8F3C199E85 /* Frameworks */,
			);
			sourceTree = "<group>";
		};
		97C146EF1CF9000F007C117D /* Products */ = {
			isa = PBXGroup;
			children = (
				97C146EE1CF9000F007C117D /* Runner.app */,
			);
			name = Products;
			sourceTree = "<group>";
		};
		97C146F01CF9000F007C117D /* Runner */ = {
			isa = PBXGroup;
			children = (
				F85EB8D52594D7CD00DD5D62 /* engine */,
				7AFFD8ED1D35381100E5BB4D /* AppDelegate.h */,
				7AFFD8EE1D35381100E5BB4D /* AppDelegate.m */,
				F85EB87D2594D1F300DD5D62 /* GeneratedPluginRegistrant.h */,
				F85EB87C2594D1F300DD5D62 /* GeneratedPluginRegistrant.m */,
				97C146FA1CF9000F007C117D /* Main.storyboard */,
				97C146FD1CF9000F007C117D /* Assets.xcassets */,
				97C146FF1CF9000F007C117D /* LaunchScreen.storyboard */,
				97C147021CF9000F007C117D /* Info.plist */,
				97C146F11CF9000F007C117D /* Supporting Files */,
				F85EB9042594DE2C00DD5D62 /* CChessEngine.mm */,
				F85EB9062594DE3D00DD5D62 /* CChessEngine.h */,
			);
			path = Runner;
			sourceTree = "<group>";
		};
		97C146F11CF9000F007C117D /* Supporting Files */ = {
			isa = PBXGroup;
			children = (
				97C146F21CF9000F007C117D /* main.m */,
			);
			name = "Supporting Files";
			sourceTree = "<group>";
		};
		F85EB8D52594D7CD00DD5D62 /* engine */ = {
			isa = PBXGroup;
			children = (
				F85EB8D62594D7CD00DD5D62 /* book.h */,
				F85EB8D72594D7CD00DD5D62 /* pipe.cpp */,
				F85EB8D82594D7CD00DD5D62 /* ucci.h */,
				F85EB8D92594D7CD00DD5D62 /* preeval.h */,
				F85EB8DA2594D7CD00DD5D62 /* genmoves.cpp */,
				F85EB8DB2594D7CD00DD5D62 /* x86asm.h */,
				F85EB8DC2594D7CD00DD5D62 /* parse.h */,
				F85EB8DD2594D7CD00DD5D62 /* preeval.cpp */,
				F85EB8DE2594D7CD00DD5D62 /* pregen.h */,
				F85EB8DF2594D7CD00DD5D62 /* pregen.cpp */,
				F85EB8E02594D7CD00DD5D62 /* evaluate.cpp */,
				F85EB8E12594D7CD00DD5D62 /* ucci.cpp */,
				F85EB8E22594D7CD00DD5D62 /* search.cpp */,
				F85EB8E32594D7CD00DD5D62 /* eleeye.cpp */,
				F85EB8E42594D7CD00DD5D62 /* movesort.h */,
				F85EB8E52594D7CD00DD5D62 /* pipe.h */,
				F85EB8E62594D7CD00DD5D62 /* movesort.cpp */,
				F85EB8E72594D7CD00DD5D62 /* book.cpp */,
				F85EB8E82594D7CD00DD5D62 /* hash.cpp */,
				F85EB8E92594D7CD00DD5D62 /* rc4prng.h */,
				F85EB8EA2594D7CD00DD5D62 /* search.h */,
				F85EB8EB2594D7CD00DD5D62 /* hash.h */,
				F85EB8EC2594D7CD00DD5D62 /* position.h */,
				F85EB8ED2594D7CD00DD5D62 /* position.cpp */,
				F85EB8EE2594D7CD00DD5D62 /* base2.h */,
				F85EB8EF2594D7CD00DD5D62 /* base.h */,
				F85EB8FC2594DA5F00DD5D62 /* engine-state.h */,
				F85EB8FD2594DABD00DD5D62 /* command-queue.cpp */,
				F85EB8FE2594DABD00DD5D62 /* command-queue.h */,
				F85EB9002594DB7A00DD5D62 /* command-channel.h */,
				F85EB9012594DBA300DD5D62 /* command-channel.cpp */,
				F85EB9032594DC6700DD5D62 /* eleeye.h */,
			);
			path = engine;
			sourceTree = "<group>";
		};
/* End PBXGroup section */

/* Begin PBXNativeTarget section */
		97C146ED1CF9000F007C117D /* Runner */ = {
			isa = PBXNativeTarget;
			buildConfigurationList = 97C147051CF9000F007C117D /* Build configuration list for PBXNativeTarget "Runner" */;
			buildPhases = (
				DEF4BE73708EF53440FD3487 /* [CP] Check Pods Manifest.lock */,
				9740EEB61CF901F6004384FC /* Run Script */,
				97C146EA1CF9000F007C117D /* Sources */,
				97C146EB1CF9000F007C117D /* Frameworks */,
				97C146EC1CF9000F007C117D /* Resources */,
				9705A1C41CF9048500538489 /* Embed Frameworks */,
				3B06AD1E1E4923F5004D2608 /* Thin Binary */,
				CDD84AEC55533246869D8AB4 /* [CP] Embed Pods Frameworks */,
			);
			buildRules = (
			);
			dependencies = (
			);
			name = Runner;
			productName = Runner;
			productReference = 97C146EE1CF9000F007C117D /* Runner.app */;
			productType = "com.apple.product-type.application";
		};
/* End PBXNativeTarget section */

/* Begin PBXProject section */
		97C146E61CF9000F007C117D /* Project object */ = {
			isa = PBXProject;
			attributes = {
				LastUpgradeCheck = 1020;
				ORGANIZATIONNAME = "";
				TargetAttributes = {
					97C146ED1CF9000F007C117D = {
						CreatedOnToolsVersion = 7.3.1;
					};
				};
			};
			buildConfigurationList = 97C146E91CF9000F007C117D /* Build configuration list for PBXProject "Runner" */;
			compatibilityVersion = "Xcode 9.3";
			developmentRegion = en;
			hasScannedForEncodings = 0;
			knownRegions = (
				en,
				Base,
			);
			mainGroup = 97C146E51CF9000F007C117D;
			productRefGroup = 97C146EF1CF9000F007C117D /* Products */;
			projectDirPath = "";
			projectRoot = "";
			targets = (
				97C146ED1CF9000F007C117D /* Runner */,
			);
		};
/* End PBXProject section */

/* Begin PBXResourcesBuildPhase section */
		97C146EC1CF9000F007C117D /* Resources */ = {
			isa = PBXResourcesBuildPhase;
			buildActionMask = 2147483647;
			files = (
				97C147011CF9000F007C117D /* LaunchScreen.storyboard in Resources */,
				3B3967161E833CAA004F5970 /* AppFrameworkInfo.plist in Resources */,
				97C146FE1CF9000F007C117D /* Assets.xcassets in Resources */,
				97C146FC1CF9000F007C117D /* Main.storyboard in Resources */,
			);
			runOnlyForDeploymentPostprocessing = 0;
		};
/* End PBXResourcesBuildPhase section */

/* Begin PBXShellScriptBuildPhase section */
		3B06AD1E1E4923F5004D2608 /* Thin Binary */ = {
			isa = PBXShellScriptBuildPhase;
			buildActionMask = 2147483647;
			files = (
			);
			inputPaths = (
			);
			name = "Thin Binary";
			outputPaths = (
			);
			runOnlyForDeploymentPostprocessing = 0;
			shellPath = /bin/sh;
			shellScript = "/bin/sh \"$FLUTTER_ROOT/packages/flutter_tools/bin/xcode_backend.sh\" embed_and_thin";
		};
		9740EEB61CF901F6004384FC /* Run Script */ = {
			isa = PBXShellScriptBuildPhase;
			buildActionMask = 2147483647;
			files = (
			);
			inputPaths = (
			);
			name = "Run Script";
			outputPaths = (
			);
			runOnlyForDeploymentPostprocessing = 0;
			shellPath = /bin/sh;
			shellScript = "/bin/sh \"$FLUTTER_ROOT/packages/flutter_tools/bin/xcode_backend.sh\" build";
		};
		CDD84AEC55533246869D8AB4 /* [CP] Embed Pods Frameworks */ = {
			isa = PBXShellScriptBuildPhase;
			buildActionMask = 2147483647;
			files = (
			);
			inputFileListPaths = (
				"${PODS_ROOT}/Target Support Files/Pods-Runner/Pods-Runner-frameworks-${CONFIGURATION}-input-files.xcfilelist",
			);
			name = "[CP] Embed Pods Frameworks";
			outputFileListPaths = (
				"${PODS_ROOT}/Target Support Files/Pods-Runner/Pods-Runner-frameworks-${CONFIGURATION}-output-files.xcfilelist",
			);
			runOnlyForDeploymentPostprocessing = 0;
			shellPath = /bin/sh;
			shellScript = "\"${PODS_ROOT}/Target Support Files/Pods-Runner/Pods-Runner-frameworks.sh\"\n";
			showEnvVarsInLog = 0;
		};
		DEF4BE73708EF53440FD3487 /* [CP] Check Pods Manifest.lock */ = {
			isa = PBXShellScriptBuildPhase;
			buildActionMask = 2147483647;
			files = (
			);
			inputFileListPaths = (
			);
			inputPaths = (
				"${PODS_PODFILE_DIR_PATH}/Podfile.lock",
				"${PODS_ROOT}/Manifest.lock",
			);
			name = "[CP] Check Pods Manifest.lock";
			outputFileListPaths = (
			);
			outputPaths = (
				"$(DERIVED_FILE_DIR)/Pods-Runner-checkManifestLockResult.txt",
			);
			runOnlyForDeploymentPostprocessing = 0;
			shellPath = /bin/sh;
			shellScript = "diff \"${PODS_PODFILE_DIR_PATH}/Podfile.lock\" \"${PODS_ROOT}/Manifest.lock\" > /dev/null\nif [ $? != 0 ] ; then\n    # print error to STDERR\n    echo \"error: The sandbox is not in sync with the Podfile.lock. Run 'pod install' or update your CocoaPods installation.\" >&2\n    exit 1\nfi\n# This output is used by Xcode 'outputs' to avoid re-running this script phase.\necho \"SUCCESS\" > \"${SCRIPT_OUTPUT_FILE_0}\"\n";
			showEnvVarsInLog = 0;
		};
/* End PBXShellScriptBuildPhase section */

/* Begin PBXSourcesBuildPhase section */
		97C146EA1CF9000F007C117D /* Sources */ = {
			isa = PBXSourcesBuildPhase;
			buildActionMask = 2147483647;
			files = (
				F85EB8F32594D7CD00DD5D62 /* pregen.cpp in Sources */,
				978B8F6F1D3862AE00F588F7 /* AppDelegate.m in Sources */,
				F85EB8F52594D7CD00DD5D62 /* ucci.cpp in Sources */,
				F85EB8FF2594DABD00DD5D62 /* command-queue.cpp in Sources */,
				F85EB8F22594D7CD00DD5D62 /* preeval.cpp in Sources */,
				F85EB8F12594D7CD00DD5D62 /* genmoves.cpp in Sources */,
				F85EB9052594DE2C00DD5D62 /* CChessEngine.mm in Sources */,
				F85EB8F92594D7CD00DD5D62 /* book.cpp in Sources */,
				F85EB8F62594D7CD00DD5D62 /* search.cpp in Sources */,
				F85EB8F42594D7CD00DD5D62 /* evaluate.cpp in Sources */,
				97C146F31CF9000F007C117D /* main.m in Sources */,
				F85EB8F82594D7CD00DD5D62 /* movesort.cpp in Sources */,
				F85EB87E2594D1F300DD5D62 /* GeneratedPluginRegistrant.m in Sources */,
				F85EB8FA2594D7CD00DD5D62 /* hash.cpp in Sources */,
				F85EB8F02594D7CD00DD5D62 /* pipe.cpp in Sources */,
				F85EB9022594DBA300DD5D62 /* command-channel.cpp in Sources */,
				F85EB8F72594D7CD00DD5D62 /* eleeye.cpp in Sources */,
				F85EB8FB2594D7CD00DD5D62 /* position.cpp in Sources */,
			);
			runOnlyForDeploymentPostprocessing = 0;
		};
/* End PBXSourcesBuildPhase section */

/* Begin PBXVariantGroup section */
		97C146FA1CF9000F007C117D /* Main.storyboard */ = {
			isa = PBXVariantGroup;
			children = (
				97C146FB1CF9000F007C117D /* Base */,
			);
			name = Main.storyboard;
			sourceTree = "<group>";
		};
		97C146FF1CF9000F007C117D /* LaunchScreen.storyboard */ = {
			isa = PBXVariantGroup;
			children = (
				97C147001CF9000F007C117D /* Base */,
			);
			name = LaunchScreen.storyboard;
			sourceTree = "<group>";
		};
/* End PBXVariantGroup section */

/* Begin XCBuildConfiguration section */
		249021D3217E4FDB00AE95B9 /* Profile */ = {
			isa = XCBuildConfiguration;
			buildSettings = {
				ALWAYS_SEARCH_USER_PATHS = NO;
				CLANG_ANALYZER_NONNULL = YES;
				CLANG_CXX_LANGUAGE_STANDARD = "gnu++0x";
				CLANG_CXX_LIBRARY = "libc++";
				CLANG_ENABLE_MODULES = YES;
				CLANG_ENABLE_OBJC_ARC = YES;
				CLANG_WARN_BLOCK_CAPTURE_AUTORELEASING = YES;
				CLANG_WARN_BOOL_CONVERSION = YES;
				CLANG_WARN_COMMA = YES;
				CLANG_WARN_CONSTANT_CONVERSION = YES;
				CLANG_WARN_DEPRECATED_OBJC_IMPLEMENTATIONS = YES;
				CLANG_WARN_DIRECT_OBJC_ISA_USAGE = YES_ERROR;
				CLANG_WARN_EMPTY_BODY = YES;
				CLANG_WARN_ENUM_CONVERSION = YES;
				CLANG_WARN_INFINITE_RECURSION = YES;
				CLANG_WARN_INT_CONVERSION = YES;
				CLANG_WARN_NON_LITERAL_NULL_CONVERSION = YES;
				CLANG_WARN_OBJC_IMPLICIT_RETAIN_SELF = YES;
				CLANG_WARN_OBJC_LITERAL_CONVERSION = YES;
				CLANG_WARN_OBJC_ROOT_CLASS = YES_ERROR;
				CLANG_WARN_RANGE_LOOP_ANALYSIS = YES;
				CLANG_WARN_STRICT_PROTOTYPES = YES;
				CLANG_WARN_SUSPICIOUS_MOVE = YES;
				CLANG_WARN_UNREACHABLE_CODE = YES;
				CLANG_WARN__DUPLICATE_METHOD_MATCH = YES;
				"CODE_SIGN_IDENTITY[sdk=iphoneos*]" = "iPhone Developer";
				COPY_PHASE_STRIP = NO;
				DEBUG_INFORMATION_FORMAT = "dwarf-with-dsym";
				ENABLE_NS_ASSERTIONS = NO;
				ENABLE_STRICT_OBJC_MSGSEND = YES;
				GCC_C_LANGUAGE_STANDARD = gnu99;
				GCC_NO_COMMON_BLOCKS = YES;
				GCC_WARN_64_TO_32_BIT_CONVERSION = YES;
				GCC_WARN_ABOUT_RETURN_TYPE = YES_ERROR;
				GCC_WARN_UNDECLARED_SELECTOR = YES;
				GCC_WARN_UNINITIALIZED_AUTOS = YES_AGGRESSIVE;
				GCC_WARN_UNUSED_FUNCTION = YES;
				GCC_WARN_UNUSED_VARIABLE = YES;
				IPHONEOS_DEPLOYMENT_TARGET = 9.0;
				MTL_ENABLE_DEBUG_INFO = NO;
				SDKROOT = iphoneos;
				SUPPORTED_PLATFORMS = iphoneos;
				TARGETED_DEVICE_FAMILY = "1,2";
				VALIDATE_PRODUCT = YES;
			};
			name = Profile;
		};
		249021D4217E4FDB00AE95B9 /* Profile */ = {
			isa = XCBuildConfiguration;
			baseConfigurationReference = 7AFA3C8E1D35360C0083082E /* Release.xcconfig */;
			buildSettings = {
				ASSETCATALOG_COMPILER_APPICON_NAME = AppIcon;
				CURRENT_PROJECT_VERSION = "$(FLUTTER_BUILD_NUMBER)";
				DEVELOPMENT_TEAM = 259QJ6U9NT;
				ENABLE_BITCODE = NO;
				FRAMEWORK_SEARCH_PATHS = (
					"$(inherited)",
					"$(PROJECT_DIR)/Flutter",
				);
				GCC_NO_COMMON_BLOCKS = YES;
				INFOPLIST_FILE = Runner/Info.plist;
				LD_RUNPATH_SEARCH_PATHS = (
					"$(inherited)",
					"@executable_path/Frameworks",
				);
				LIBRARY_SEARCH_PATHS = (
					"$(inherited)",
					"$(PROJECT_DIR)/Flutter",
				);
				PRODUCT_BUNDLE_IDENTIFIER = com.example.chessOverride;
				PRODUCT_NAME = "$(TARGET_NAME)";
				VERSIONING_SYSTEM = "apple-generic";
			};
			name = Profile;
		};
		97C147031CF9000F007C117D /* Debug */ = {
			isa = XCBuildConfiguration;
			buildSettings = {
				ALWAYS_SEARCH_USER_PATHS = NO;
				CLANG_ANALYZER_NONNULL = YES;
				CLANG_CXX_LANGUAGE_STANDARD = "gnu++0x";
				CLANG_CXX_LIBRARY = "libc++";
				CLANG_ENABLE_MODULES = YES;
				CLANG_ENABLE_OBJC_ARC = YES;
				CLANG_WARN_BLOCK_CAPTURE_AUTORELEASING = YES;
				CLANG_WARN_BOOL_CONVERSION = YES;
				CLANG_WARN_COMMA = YES;
				CLANG_WARN_CONSTANT_CONVERSION = YES;
				CLANG_WARN_DEPRECATED_OBJC_IMPLEMENTATIONS = YES;
				CLANG_WARN_DIRECT_OBJC_ISA_USAGE = YES_ERROR;
				CLANG_WARN_EMPTY_BODY = YES;
				CLANG_WARN_ENUM_CONVERSION = YES;
				CLANG_WARN_INFINITE_RECURSION = YES;
				CLANG_WARN_INT_CONVERSION = YES;
				CLANG_WARN_NON_LITERAL_NULL_CONVERSION = YES;
				CLANG_WARN_OBJC_IMPLICIT_RETAIN_SELF = YES;
				CLANG_WARN_OBJC_LITERAL_CONVERSION = YES;
				CLANG_WARN_OBJC_ROOT_CLASS = YES_ERROR;
				CLANG_WARN_RANGE_LOOP_ANALYSIS = YES;
				CLANG_WARN_STRICT_PROTOTYPES = YES;
				CLANG_WARN_SUSPICIOUS_MOVE = YES;
				CLANG_WARN_UNREACHABLE_CODE = YES;
				CLANG_WARN__DUPLICATE_METHOD_MATCH = YES;
				"CODE_SIGN_IDENTITY[sdk=iphoneos*]" = "iPhone Developer";
				COPY_PHASE_STRIP = NO;
				DEBUG_INFORMATION_FORMAT = dwarf;
				ENABLE_STRICT_OBJC_MSGSEND = YES;
				ENABLE_TESTABILITY = YES;
				GCC_C_LANGUAGE_STANDARD = gnu99;
				GCC_DYNAMIC_NO_PIC = NO;
				GCC_NO_COMMON_BLOCKS = YES;
				GCC_OPTIMIZATION_LEVEL = 0;
				GCC_PREPROCESSOR_DEFINITIONS = (
					"DEBUG=1",
					"$(inherited)",
				);
				GCC_WARN_64_TO_32_BIT_CONVERSION = YES;
				GCC_WARN_ABOUT_RETURN_TYPE = YES_ERROR;
				GCC_WARN_UNDECLARED_SELECTOR = YES;
				GCC_WARN_UNINITIALIZED_AUTOS = YES_AGGRESSIVE;
				GCC_WARN_UNUSED_FUNCTION = YES;
				GCC_WARN_UNUSED_VARIABLE = YES;
				IPHONEOS_DEPLOYMENT_TARGET = 9.0;
				MTL_ENABLE_DEBUG_INFO = YES;
				ONLY_ACTIVE_ARCH = YES;
				SDKROOT = iphoneos;
				TARGETED_DEVICE_FAMILY = "1,2";
			};
			name = Debug;
		};
		97C147041CF9000F007C117D /* Release */ = {
			isa = XCBuildConfiguration;
			buildSettings = {
				ALWAYS_SEARCH_USER_PATHS = NO;
				CLANG_ANALYZER_NONNULL = YES;
				CLANG_CXX_LANGUAGE_STANDARD = "gnu++0x";
				CLANG_CXX_LIBRARY = "libc++";
				CLANG_ENABLE_MODULES = YES;
				CLANG_ENABLE_OBJC_ARC = YES;
				CLANG_WARN_BLOCK_CAPTURE_AUTORELEASING = YES;
				CLANG_WARN_BOOL_CONVERSION = YES;
				CLANG_WARN_COMMA = YES;
				CLANG_WARN_CONSTANT_CONVERSION = YES;
				CLANG_WARN_DEPRECATED_OBJC_IMPLEMENTATIONS = YES;
				CLANG_WARN_DIRECT_OBJC_ISA_USAGE = YES_ERROR;
				CLANG_WARN_EMPTY_BODY = YES;
				CLANG_WARN_ENUM_CONVERSION = YES;
				CLANG_WARN_INFINITE_RECURSION = YES;
				CLANG_WARN_INT_CONVERSION = YES;
				CLANG_WARN_NON_LITERAL_NULL_CONVERSION = YES;
				CLANG_WARN_OBJC_IMPLICIT_RETAIN_SELF = YES;
				CLANG_WARN_OBJC_LITERAL_CONVERSION = YES;
				CLANG_WARN_OBJC_ROOT_CLASS = YES_ERROR;
				CLANG_WARN_RANGE_LOOP_ANALYSIS = YES;
				CLANG_WARN_STRICT_PROTOTYPES = YES;
				CLANG_WARN_SUSPICIOUS_MOVE = YES;
				CLANG_WARN_UNREACHABLE_CODE = YES;
				CLANG_WARN__DUPLICATE_METHOD_MATCH = YES;
				"CODE_SIGN_IDENTITY[sdk=iphoneos*]" = "iPhone Developer";
				COPY_PHASE_STRIP = NO;
				DEBUG_INFORMATION_FORMAT = "dwarf-with-dsym";
				ENABLE_NS_ASSERTIONS = NO;
				ENABLE_STRICT_OBJC_MSGSEND = YES;
				GCC_C_LANGUAGE_STANDARD = gnu99;
				GCC_NO_COMMON_BLOCKS = YES;
				GCC_WARN_64_TO_32_BIT_CONVERSION = YES;
				GCC_WARN_ABOUT_RETURN_TYPE = YES_ERROR;
				GCC_WARN_UNDECLARED_SELECTOR = YES;
				GCC_WARN_UNINITIALIZED_AUTOS = YES_AGGRESSIVE;
				GCC_WARN_UNUSED_FUNCTION = YES;
				GCC_WARN_UNUSED_VARIABLE = YES;
				IPHONEOS_DEPLOYMENT_TARGET = 9.0;
				MTL_ENABLE_DEBUG_INFO = NO;
				SDKROOT = iphoneos;
				SUPPORTED_PLATFORMS = iphoneos;
				TARGETED_DEVICE_FAMILY = "1,2";
				VALIDATE_PRODUCT = YES;
			};
			name = Release;
		};
		97C147061CF9000F007C117D /* Debug */ = {
			isa = XCBuildConfiguration;
			baseConfigurationReference = 9740EEB21CF90195004384FC /* Debug.xcconfig */;
			buildSettings = {
				ASSETCATALOG_COMPILER_APPICON_NAME = AppIcon;
				CURRENT_PROJECT_VERSION = "$(FLUTTER_BUILD_NUMBER)";
				DEVELOPMENT_TEAM = 259QJ6U9NT;
				ENABLE_BITCODE = NO;
				FRAMEWORK_SEARCH_PATHS = (
					"$(inherited)",
					"$(PROJECT_DIR)/Flutter",
				);
				GCC_NO_COMMON_BLOCKS = YES;
				INFOPLIST_FILE = Runner/Info.plist;
				LD_RUNPATH_SEARCH_PATHS = (
					"$(inherited)",
					"@executable_path/Frameworks",
				);
				LIBRARY_SEARCH_PATHS = (
					"$(inherited)",
					"$(PROJECT_DIR)/Flutter",
				);
				PRODUCT_BUNDLE_IDENTIFIER = com.example.chessOverride;
				PRODUCT_NAME = "$(TARGET_NAME)";
				VERSIONING_SYSTEM = "apple-generic";
			};
			name = Debug;
		};
		97C147071CF9000F007C117D /* Release */ = {
			isa = XCBuildConfiguration;
			baseConfigurationReference = 7AFA3C8E1D35360C0083082E /* Release.xcconfig */;
			buildSettings = {
				ASSETCATALOG_COMPILER_APPICON_NAME = AppIcon;
				CURRENT_PROJECT_VERSION = "$(FLUTTER_BUILD_NUMBER)";
				DEVELOPMENT_TEAM = 259QJ6U9NT;
				ENABLE_BITCODE = NO;
				FRAMEWORK_SEARCH_PATHS = (
					"$(inherited)",
					"$(PROJECT_DIR)/Flutter",
				);
				GCC_NO_COMMON_BLOCKS = YES;
				INFOPLIST_FILE = Runner/Info.plist;
				LD_RUNPATH_SEARCH_PATHS = (
					"$(inherited)",
					"@executable_path/Frameworks",
				);
				LIBRARY_SEARCH_PATHS = (
					"$(inherited)",
					"$(PROJECT_DIR)/Flutter",
				);
				PRODUCT_BUNDLE_IDENTIFIER = com.example.chessOverride;
				PRODUCT_NAME = "$(TARGET_NAME)";
				VERSIONING_SYSTEM = "apple-generic";
			};
			name = Release;
		};
/* End XCBuildConfiguration section */

/* Begin XCConfigurationList section */
		97C146E91CF9000F007C117D /* Build configuration list for PBXProject "Runner" */ = {
			isa = XCConfigurationList;
			buildConfigurations = (
				97C147031CF9000F007C117D /* Debug */,
				97C147041CF9000F007C117D /* Release */,
				249021D3217E4FDB00AE95B9 /* Profile */,
			);
			defaultConfigurationIsVisible = 0;
			defaultConfigurationName = Release;
		};
		97C147051CF9000F007C117D /* Build configuration list for PBXNativeTarget "Runner" */ = {
			isa = XCConfigurationList;
			buildConfigurations = (
				97C147061CF9000F007C117D /* Debug */,
				97C147071CF9000F007C117D /* Release */,
				249021D4217E4FDB00AE95B9 /* Profile */,
			);
			defaultConfigurationIsVisible = 0;
			defaultConfigurationName = Release;
		};
/* End XCConfigurationList section */
	};
	rootObject = 97C146E61CF9000F007C117D /* Project object */;
}
